lockfileVersion: '6.0'

settings:
  autoInstallPeers: true
  excludeLinksFromLockfile: false

dependencies:
  tsc-node:
    specifier: ^0.0.3
    version: 0.0.3
  typescript:
    specifier: ^5.4.4
    version: 5.4.4

packages:

  /tsc-node@0.0.3:
    resolution: {integrity: sha512-cCfkuHFGRUS5afZhabC9a8KEY1KD2X85KmXUu20HUUFXzJMHGfUvc6t++sy9p02dAscZsNfxKcUVbFLhTltTcA==}
    dependencies:
      typescript: 2.9.2
    dev: false

  /typescript@2.9.2:
    resolution: {integrity: sha512-Gr4p6nFNaoufRIY4NMdpQRNmgxVIGMs4Fcu/ujdYk3nAZqk7supzBE9idmvfZIlH/Cuj//dvi+019qEue9lV0w==}
    engines: {node: '>=4.2.0'}
    hasBin: true
    dev: false

  /typescript@5.4.4:
    resolution: {integrity: sha512-dGE2Vv8cpVvw28v8HCPqyb08EzbBURxDpuhJvTrusShUfGnhHBafDsLdS1EhhxyL6BJQE+2cT3dDPAv+MQ6oLw==}
    engines: {node: '>=14.17'}
    hasBin: true
    dev: false
